
Microsoft Visual Studio Solution File, Format Version 12.00
# Visual Studio Version 17
VisualStudioVersion = 17.11.35222.181
MinimumVisualStudioVersion = 10.0.40219.1
Project("{FAE04EC0-301F-11D3-BF4B-00C04F79EFBC}") = "CaroGame", "CaroGame\CaroGame.csproj", "{49D926ED-EF16-49A3-BC03-ABDE309B648B}"
EndProject
Global
	GlobalSection(SolutionConfigurationPlatforms) = preSolution
		Debug|Any CPU = Debug|Any CPU
		Release|Any CPU = Release|Any CPU
	EndGlobalSection
	GlobalSection(ProjectConfigurationPlatforms) = postSolution
		{49D926ED-EF16-49A3-BC03-ABDE309B648B}.Debug|Any CPU.ActiveCfg = Debug|Any CPU
		{49D926ED-EF16-49A3-BC03-ABDE309B648B}.Debug|Any CPU.Build.0 = Debug|Any CPU
		{49D926ED-EF16-49A3-BC03-ABDE309B648B}.Release|Any CPU.ActiveCfg = Release|Any CPU
		{49D926ED-EF16-49A3-BC03-ABDE309B648B}.Release|Any CPU.Build.0 = Release|Any CPU
	EndGlobalSection
	GlobalSection(SolutionProperties) = preSolution
		HideSolutionNode = FALSE
	EndGlobalSection
	GlobalSection(ExtensibilityGlobals) = postSolution
		SolutionGuid = {14A5FBFA-5799-4A28-A1F5-119EB0751665}
	EndGlobalSection
EndGlobal
